{
  "version": 4,
  "terraform_version": "1.5.3",
  "serial": 4,
  "lineage": "d0a824b6-3ff1-2cad-6664-21a1ca3108a8",
  "outputs": {},
  "resources": [
    {
      "mode": "managed",
      "type": "azurerm_app_service",
      "name": "devopsprojectc",
      "provider": "provider[\"registry.terraform.io/hashicorp/azurerm\"]",
      "instances": [
        {
          "schema_version": 0,
          "attributes": {
            "app_service_plan_id": "/subscriptions/48b5542d-9deb-435a-a678-77c2dd1afedf/resourceGroups/devopsprojectb/providers/Microsoft.Web/serverfarms/ASP-devopsprojectb-a087",
            "app_settings": {
              "DOCKER_REGISTRY_SERVER_PASSWORD": "FG8Cwq4tfSA+idEf16QWyX6mcaRTILWLEWe7fIpTxN+ACRCWSLHP",
              "DOCKER_REGISTRY_SERVER_URL": "https://devopsprojectc.azurecr.io",
              "DOCKER_REGISTRY_SERVER_USERNAME": "devopsprojectc",
              "WEBSITES_ENABLE_APP_SERVICE_STORAGE": "false",
              "WEBSITES_PORT": "8080"
            },
            "auth_settings": [
              {
                "active_directory": [],
                "additional_login_params": {},
                "allowed_external_redirect_urls": [],
                "default_provider": "",
                "enabled": false,
                "facebook": [],
                "google": [],
                "issuer": "",
                "microsoft": [],
                "runtime_version": "",
                "token_refresh_extension_hours": 0,
                "token_store_enabled": false,
                "twitter": [],
                "unauthenticated_client_action": ""
              }
            ],
            "backup": [],
            "client_affinity_enabled": false,
            "client_cert_enabled": false,
            "client_cert_mode": "Required",
            "connection_string": [],
            "custom_domain_verification_id": "DAA252AEB0E3292585F295D7CEFF13891504CAB392B6F36429D06B2C587D13E1",
            "default_site_hostname": "devopsprojectc.azurewebsites.net",
            "enabled": true,
            "https_only": true,
            "id": "/subscriptions/48b5542d-9deb-435a-a678-77c2dd1afedf/resourceGroups/devopsprojectb/providers/Microsoft.Web/sites/devopsprojectc",
            "identity": [],
            "key_vault_reference_identity_id": "SystemAssigned",
            "location": "eastus",
            "logs": [
              {
                "application_logs": [
                  {
                    "azure_blob_storage": [],
                    "file_system_level": "Off"
                  }
                ],
                "detailed_error_messages_enabled": false,
                "failed_request_tracing_enabled": false,
                "http_logs": [
                  {
                    "azure_blob_storage": [],
                    "file_system": []
                  }
                ]
              }
            ],
            "name": "devopsprojectc",
            "outbound_ip_address_list": [
              "20.81.34.132",
              "20.81.34.144",
              "20.81.34.197",
              "20.81.35.21",
              "20.81.35.101",
              "20.81.36.101",
              "20.119.0.37"
            ],
            "outbound_ip_addresses": "20.81.34.132,20.81.34.144,20.81.34.197,20.81.35.21,20.81.35.101,20.81.36.101,20.119.0.37",
            "possible_outbound_ip_address_list": [
              "20.81.34.132",
              "20.81.34.144",
              "20.81.34.197",
              "20.81.35.21",
              "20.81.35.101",
              "20.81.36.101",
              "20.81.36.142",
              "20.81.36.252",
              "20.81.37.8",
              "20.81.37.114",
              "20.81.37.130",
              "20.81.38.21",
              "20.81.35.109",
              "20.81.39.32",
              "20.85.169.176",
              "20.85.172.120",
              "20.85.172.182",
              "20.85.172.217",
              "20.85.172.229",
              "20.85.173.19",
              "20.85.175.194",
              "20.121.248.121",
              "20.121.248.143",
              "20.85.168.74",
              "20.119.0.37"
            ],
            "possible_outbound_ip_addresses": "20.81.34.132,20.81.34.144,20.81.34.197,20.81.35.21,20.81.35.101,20.81.36.101,20.81.36.142,20.81.36.252,20.81.37.8,20.81.37.114,20.81.37.130,20.81.38.21,20.81.35.109,20.81.39.32,20.85.169.176,20.85.172.120,20.85.172.182,20.85.172.217,20.85.172.229,20.85.173.19,20.85.175.194,20.121.248.121,20.121.248.143,20.85.168.74,20.119.0.37",
            "resource_group_name": "devopsprojectb",
            "site_config": [
              {
                "acr_use_managed_identity_credentials": false,
                "acr_user_managed_identity_client_id": "",
                "always_on": false,
                "app_command_line": "",
                "auto_swap_slot_name": "",
                "cors": [],
                "default_documents": [
                  "Default.htm",
                  "Default.html",
                  "Default.asp",
                  "index.htm",
                  "index.html",
                  "iisstart.htm",
                  "default.aspx",
                  "index.php",
                  "hostingstart.html"
                ],
                "dotnet_framework_version": "v4.0",
                "ftps_state": "FtpsOnly",
                "health_check_path": "",
                "http2_enabled": false,
                "ip_restriction": [],
                "java_container": "",
                "java_container_version": "",
                "java_version": "",
                "linux_fx_version": "DOCKER|devopsprojectc.azurecr.io/devopsprojectc/devopsprojectc/testingdocker:943ea17f2692af664a2c2057adc0188ad8f8e153",
                "local_mysql_enabled": false,
                "managed_pipeline_mode": "Integrated",
                "min_tls_version": "1.2",
                "number_of_workers": 1,
                "php_version": "",
                "python_version": "",
                "remote_debugging_enabled": false,
                "remote_debugging_version": "VS2019",
                "scm_ip_restriction": [],
                "scm_type": "GitHubAction",
                "scm_use_main_ip_restriction": false,
                "use_32_bit_worker_process": true,
                "vnet_route_all_enabled": false,
                "websockets_enabled": false,
                "windows_fx_version": ""
              }
            ],
            "site_credential": [
              {
                "password": "A9MQ1HeNxbXhkp6ujMnx5qpHqpirK7d8w8d14uapP2fabfdj03PzKSdPbAqS",
                "username": "$devopsprojectc"
              }
            ],
            "source_control": [
              {
                "branch": "main",
                "manual_integration": false,
                "repo_url": "https://github.com/ziyanoffl/testingDocker",
                "rollback_enabled": false,
                "use_mercurial": false
              }
            ],
            "storage_account": [],
            "tags": {},
            "timeouts": {
              "create": null,
              "delete": null,
              "read": null,
              "update": null
            }
          },
          "sensitive_attributes": [],
          "private": "eyJlMmJmYjczMC1lY2FhLTExZTYtOGY4OC0zNDM2M2JjN2M0YzAiOnsiY3JlYXRlIjoxODAwMDAwMDAwMDAwLCJkZWxldGUiOjE4MDAwMDAwMDAwMDAsInJlYWQiOjMwMDAwMDAwMDAwMCwidXBkYXRlIjoxODAwMDAwMDAwMDAwfSwic2NoZW1hX3ZlcnNpb24iOiIwIn0="
        }
      ]
    },
    {
      "mode": "managed",
      "type": "azurerm_app_service_plan",
      "name": "ASP-devopsprojectb-a087",
      "provider": "provider[\"registry.terraform.io/hashicorp/azurerm\"]",
      "instances": [
        {
          "schema_version": 0,
          "attributes": {
            "app_service_environment_id": "",
            "id": "/subscriptions/48b5542d-9deb-435a-a678-77c2dd1afedf/resourceGroups/devopsprojectb/providers/Microsoft.Web/serverfarms/ASP-devopsprojectb-a087",
            "is_xenon": false,
            "kind": "linux",
            "location": "eastus",
            "maximum_elastic_worker_count": 1,
            "maximum_number_of_workers": 1,
            "name": "ASP-devopsprojectb-a087",
            "per_site_scaling": false,
            "reserved": true,
            "resource_group_name": "devopsprojectb",
            "sku": [
              {
                "capacity": 1,
                "size": "F1",
                "tier": "Free"
              }
            ],
            "tags": {},
            "timeouts": {
              "create": null,
              "delete": null,
              "read": null,
              "update": null
            },
            "zone_redundant": false
          },
          "sensitive_attributes": [],
          "private": "eyJlMmJmYjczMC1lY2FhLTExZTYtOGY4OC0zNDM2M2JjN2M0YzAiOnsiY3JlYXRlIjozNjAwMDAwMDAwMDAwLCJkZWxldGUiOjM2MDAwMDAwMDAwMDAsInJlYWQiOjMwMDAwMDAwMDAwMCwidXBkYXRlIjozNjAwMDAwMDAwMDAwfSwic2NoZW1hX3ZlcnNpb24iOiIwIn0="
        }
      ]
    },
    {
      "mode": "managed",
      "type": "azurerm_container_registry",
      "name": "devopsprojectc",
      "provider": "provider[\"registry.terraform.io/hashicorp/azurerm\"]",
      "instances": [
        {
          "schema_version": 2,
          "attributes": {
            "admin_enabled": true,
            "admin_password": "FG8Cwq4tfSA+idEf16QWyX6mcaRTILWLEWe7fIpTxN+ACRCWSLHP",
            "admin_username": "devopsprojectc",
            "anonymous_pull_enabled": false,
            "data_endpoint_enabled": false,
            "encryption": [
              {
                "enabled": false,
                "identity_client_id": "",
                "key_vault_key_id": ""
              }
            ],
            "export_policy_enabled": true,
            "georeplications": [],
            "id": "/subscriptions/48b5542d-9deb-435a-a678-77c2dd1afedf/resourceGroups/devopsprojectb/providers/Microsoft.ContainerRegistry/registries/devopsprojectc",
            "identity": [],
            "location": "centralus",
            "login_server": "devopsprojectc.azurecr.io",
            "name": "devopsprojectc",
            "network_rule_bypass_option": "AzureServices",
            "network_rule_set": [],
            "public_network_access_enabled": true,
            "quarantine_policy_enabled": false,
            "resource_group_name": "devopsprojectb",
            "retention_policy": [
              {
                "days": 7,
                "enabled": false
              }
            ],
            "sku": "Basic",
            "tags": {},
            "timeouts": {
              "create": null,
              "delete": null,
              "read": null,
              "update": null
            },
            "trust_policy": [
              {
                "enabled": false
              }
            ],
            "zone_redundancy_enabled": false
          },
          "sensitive_attributes": [],
          "private": "eyJlMmJmYjczMC1lY2FhLTExZTYtOGY4OC0zNDM2M2JjN2M0YzAiOnsiY3JlYXRlIjoxODAwMDAwMDAwMDAwLCJkZWxldGUiOjE4MDAwMDAwMDAwMDAsInJlYWQiOjMwMDAwMDAwMDAwMCwidXBkYXRlIjoxODAwMDAwMDAwMDAwfSwic2NoZW1hX3ZlcnNpb24iOiIyIn0="
        }
      ]
    },
    {
      "mode": "managed",
      "type": "azurerm_resource_group",
      "name": "devopsprojectb",
      "provider": "provider[\"registry.terraform.io/hashicorp/azurerm\"]",
      "instances": [
        {
          "schema_version": 0,
          "attributes": {
            "id": "/subscriptions/48b5542d-9deb-435a-a678-77c2dd1afedf/resourceGroups/devopsprojectb",
            "location": "eastus",
            "name": "devopsprojectb",
            "tags": {},
            "timeouts": {
              "create": null,
              "delete": null,
              "read": null,
              "update": null
            }
          },
          "sensitive_attributes": [],
          "private": "eyJlMmJmYjczMC1lY2FhLTExZTYtOGY4OC0zNDM2M2JjN2M0YzAiOnsiY3JlYXRlIjo1NDAwMDAwMDAwMDAwLCJkZWxldGUiOjU0MDAwMDAwMDAwMDAsInJlYWQiOjMwMDAwMDAwMDAwMCwidXBkYXRlIjo1NDAwMDAwMDAwMDAwfSwic2NoZW1hX3ZlcnNpb24iOiIwIn0="
        }
      ]
    }
  ],
  "check_results": null
}
