{
  "version": 4,
  "terraform_version": "1.5.3",
  "serial": 10,
  "lineage": "de930047-bf17-4151-dd27-886c1b7048a8",
  "outputs": {},
  "resources": [
    {
      "mode": "managed",
      "type": "azurerm_app_service",
      "name": "devopsprojectc",
      "provider": "provider[\"registry.terraform.io/hashicorp/azurerm\"]",
      "instances": [
        {
          "schema_version": 0,
          "attributes": {
            "app_service_plan_id": "/subscriptions/48b5542d-9deb-435a-a678-77c2dd1afedf/resourceGroups/DevOpsProject/providers/Microsoft.Web/serverfarms/ASP-DevOpsProject-86e8",
            "app_settings": {
              "DOCKER_REGISTRY_SERVER_PASSWORD": "FG8Cwq4tfSA+idEf16QWyX6mcaRTILWLEWe7fIpTxN+ACRCWSLHP",
              "DOCKER_REGISTRY_SERVER_URL": "https://devopsprojectc.azurecr.io",
              "DOCKER_REGISTRY_SERVER_USERNAME": "devopsprojectc",
              "WEBSITES_ENABLE_APP_SERVICE_STORAGE": "false"
            },
            "auth_settings": [
              {
                "active_directory": [],
                "additional_login_params": {},
                "allowed_external_redirect_urls": [],
                "default_provider": "",
                "enabled": false,
                "facebook": [],
                "google": [],
                "issuer": "",
                "microsoft": [],
                "runtime_version": "",
                "token_refresh_extension_hours": 0,
                "token_store_enabled": false,
                "twitter": [],
                "unauthenticated_client_action": ""
              }
            ],
            "backup": [],
            "client_affinity_enabled": false,
            "client_cert_enabled": false,
            "client_cert_mode": "Required",
            "connection_string": [],
            "custom_domain_verification_id": "DAA252AEB0E3292585F295D7CEFF13891504CAB392B6F36429D06B2C587D13E1",
            "default_site_hostname": "devopsprojectc.azurewebsites.net",
            "enabled": true,
            "https_only": true,
            "id": "/subscriptions/48b5542d-9deb-435a-a678-77c2dd1afedf/resourceGroups/DevOpsProject/providers/Microsoft.Web/sites/devopsprojectc",
            "identity": [],
            "key_vault_reference_identity_id": "SystemAssigned",
            "location": "japaneast",
            "logs": [
              {
                "application_logs": [
                  {
                    "azure_blob_storage": [],
                    "file_system_level": "Off"
                  }
                ],
                "detailed_error_messages_enabled": false,
                "failed_request_tracing_enabled": false,
                "http_logs": [
                  {
                    "azure_blob_storage": [],
                    "file_system": []
                  }
                ]
              }
            ],
            "name": "devopsprojectc",
            "outbound_ip_address_list": [
              "20.27.132.158",
              "4.241.144.135",
              "20.27.133.165",
              "4.241.144.136",
              "4.241.144.150",
              "4.241.144.158",
              "20.210.64.10"
            ],
            "outbound_ip_addresses": "20.27.132.158,4.241.144.135,20.27.133.165,4.241.144.136,4.241.144.150,4.241.144.158,20.210.64.10",
            "possible_outbound_ip_address_list": [
              "20.27.132.158",
              "4.241.144.135",
              "20.27.133.165",
              "4.241.144.136",
              "4.241.144.150",
              "4.241.144.158",
              "4.241.144.179",
              "4.241.144.187",
              "4.241.144.199",
              "4.241.144.219",
              "4.241.144.235",
              "4.241.144.237",
              "4.241.144.242",
              "4.241.144.249",
              "4.241.144.252",
              "20.27.135.16",
              "20.27.135.198",
              "4.241.145.19",
              "20.27.135.194",
              "20.27.135.246",
              "4.241.145.67",
              "20.27.135.253",
              "4.241.145.74",
              "4.241.145.78",
              "20.210.64.10"
            ],
            "possible_outbound_ip_addresses": "20.27.132.158,4.241.144.135,20.27.133.165,4.241.144.136,4.241.144.150,4.241.144.158,4.241.144.179,4.241.144.187,4.241.144.199,4.241.144.219,4.241.144.235,4.241.144.237,4.241.144.242,4.241.144.249,4.241.144.252,20.27.135.16,20.27.135.198,4.241.145.19,20.27.135.194,20.27.135.246,4.241.145.67,20.27.135.253,4.241.145.74,4.241.145.78,20.210.64.10",
            "resource_group_name": "DevOpsProject",
            "site_config": [
              {
                "acr_use_managed_identity_credentials": false,
                "acr_user_managed_identity_client_id": "",
                "always_on": false,
                "app_command_line": "",
                "auto_swap_slot_name": "",
                "cors": [
                  {
                    "allowed_origins": [],
                    "support_credentials": false
                  }
                ],
                "default_documents": [
                  "Default.htm",
                  "Default.html",
                  "Default.asp",
                  "index.htm",
                  "index.html",
                  "iisstart.htm",
                  "default.aspx",
                  "index.php",
                  "hostingstart.html"
                ],
                "dotnet_framework_version": "v4.0",
                "ftps_state": "FtpsOnly",
                "health_check_path": "",
                "http2_enabled": false,
                "ip_restriction": [],
                "java_container": "",
                "java_container_version": "",
                "java_version": "",
                "linux_fx_version": "DOCKER|devopsprojectc.azurecr.io/devopsprojectc/testingdocker:latest",
                "local_mysql_enabled": false,
                "managed_pipeline_mode": "Integrated",
                "min_tls_version": "1.2",
                "number_of_workers": 1,
                "php_version": "",
                "python_version": "",
                "remote_debugging_enabled": false,
                "remote_debugging_version": "VS2019",
                "scm_ip_restriction": [],
                "scm_type": "GitHub",
                "scm_use_main_ip_restriction": false,
                "use_32_bit_worker_process": true,
                "vnet_route_all_enabled": false,
                "websockets_enabled": false,
                "windows_fx_version": ""
              }
            ],
            "site_credential": [
              {
                "password": "9BroyFQTPHEDchFNX3vsJiB0ilFQLmHsLpbw3hGl4ro4kqrubjx4nfXwb1Lk",
                "username": "$devopsprojectc"
              }
            ],
            "source_control": [
              {
                "branch": "main",
                "manual_integration": false,
                "repo_url": "https://github.com/ziyanoffl/testingDocker",
                "rollback_enabled": false,
                "use_mercurial": false
              }
            ],
            "storage_account": [],
            "tags": {},
            "timeouts": {
              "create": null,
              "delete": null,
              "read": null,
              "update": null
            }
          },
          "sensitive_attributes": [],
          "private": "eyJlMmJmYjczMC1lY2FhLTExZTYtOGY4OC0zNDM2M2JjN2M0YzAiOnsiY3JlYXRlIjoxODAwMDAwMDAwMDAwLCJkZWxldGUiOjE4MDAwMDAwMDAwMDAsInJlYWQiOjMwMDAwMDAwMDAwMCwidXBkYXRlIjoxODAwMDAwMDAwMDAwfX0=",
          "dependencies": [
            "azurerm_app_service_plan.ASP-DevOpsProject-86e8",
            "azurerm_container_registry.devopsprojectc",
            "azurerm_resource_group.DevOpsProject"
          ]
        }
      ]
    },
    {
      "mode": "managed",
      "type": "azurerm_app_service_plan",
      "name": "ASP-DevOpsProject-86e8",
      "provider": "provider[\"registry.terraform.io/hashicorp/azurerm\"]",
      "instances": [
        {
          "schema_version": 0,
          "attributes": {
            "app_service_environment_id": "",
            "id": "/subscriptions/48b5542d-9deb-435a-a678-77c2dd1afedf/resourceGroups/DevOpsProject/providers/Microsoft.Web/serverfarms/ASP-DevOpsProject-86e8",
            "is_xenon": false,
            "kind": "linux",
            "location": "japaneast",
            "maximum_elastic_worker_count": 1,
            "maximum_number_of_workers": 3,
            "name": "ASP-DevOpsProject-86e8",
            "per_site_scaling": false,
            "reserved": true,
            "resource_group_name": "DevOpsProject",
            "sku": [
              {
                "capacity": 1,
                "size": "B1",
                "tier": "Basic"
              }
            ],
            "tags": {},
            "timeouts": {
              "create": null,
              "delete": null,
              "read": null,
              "update": null
            },
            "zone_redundant": false
          },
          "sensitive_attributes": [],
          "private": "eyJlMmJmYjczMC1lY2FhLTExZTYtOGY4OC0zNDM2M2JjN2M0YzAiOnsiY3JlYXRlIjozNjAwMDAwMDAwMDAwLCJkZWxldGUiOjM2MDAwMDAwMDAwMDAsInJlYWQiOjMwMDAwMDAwMDAwMCwidXBkYXRlIjozNjAwMDAwMDAwMDAwfSwic2NoZW1hX3ZlcnNpb24iOiIwIn0=",
          "dependencies": [
            "azurerm_resource_group.DevOpsProject"
          ]
        }
      ]
    },
    {
      "mode": "managed",
      "type": "azurerm_container_registry",
      "name": "devopsprojectc",
      "provider": "provider[\"registry.terraform.io/hashicorp/azurerm\"]",
      "instances": [
        {
          "schema_version": 2,
          "attributes": {
            "admin_enabled": true,
            "admin_password": "FG8Cwq4tfSA+idEf16QWyX6mcaRTILWLEWe7fIpTxN+ACRCWSLHP",
            "admin_username": "devopsprojectc",
            "anonymous_pull_enabled": false,
            "data_endpoint_enabled": false,
            "encryption": [
              {
                "enabled": false,
                "identity_client_id": "",
                "key_vault_key_id": ""
              }
            ],
            "export_policy_enabled": true,
            "georeplications": [],
            "id": "/subscriptions/48b5542d-9deb-435a-a678-77c2dd1afedf/resourceGroups/DevOpsProject/providers/Microsoft.ContainerRegistry/registries/devopsprojectc",
            "identity": [],
            "location": "centralus",
            "login_server": "devopsprojectc.azurecr.io",
            "name": "devopsprojectc",
            "network_rule_bypass_option": "AzureServices",
            "network_rule_set": [],
            "public_network_access_enabled": true,
            "quarantine_policy_enabled": false,
            "resource_group_name": "DevOpsProject",
            "retention_policy": [
              {
                "days": 7,
                "enabled": false
              }
            ],
            "sku": "Basic",
            "tags": {},
            "timeouts": {
              "create": null,
              "delete": null,
              "read": null,
              "update": null
            },
            "trust_policy": [
              {
                "enabled": false
              }
            ],
            "zone_redundancy_enabled": false
          },
          "sensitive_attributes": [],
          "private": "eyJlMmJmYjczMC1lY2FhLTExZTYtOGY4OC0zNDM2M2JjN2M0YzAiOnsiY3JlYXRlIjoxODAwMDAwMDAwMDAwLCJkZWxldGUiOjE4MDAwMDAwMDAwMDAsInJlYWQiOjMwMDAwMDAwMDAwMCwidXBkYXRlIjoxODAwMDAwMDAwMDAwfSwic2NoZW1hX3ZlcnNpb24iOiIyIn0=",
          "dependencies": [
            "azurerm_resource_group.DevOpsProject"
          ]
        }
      ]
    },
    {
      "mode": "managed",
      "type": "azurerm_resource_group",
      "name": "DevOpsProject",
      "provider": "provider[\"registry.terraform.io/hashicorp/azurerm\"]",
      "instances": [
        {
          "schema_version": 0,
          "attributes": {
            "id": "/subscriptions/48b5542d-9deb-435a-a678-77c2dd1afedf/resourceGroups/DevOpsProject",
            "location": "southindia",
            "name": "DevOpsProject",
            "tags": {},
            "timeouts": {
              "create": null,
              "delete": null,
              "read": null,
              "update": null
            }
          },
          "sensitive_attributes": [],
          "private": "eyJlMmJmYjczMC1lY2FhLTExZTYtOGY4OC0zNDM2M2JjN2M0YzAiOnsiY3JlYXRlIjo1NDAwMDAwMDAwMDAwLCJkZWxldGUiOjU0MDAwMDAwMDAwMDAsInJlYWQiOjMwMDAwMDAwMDAwMCwidXBkYXRlIjo1NDAwMDAwMDAwMDAwfSwic2NoZW1hX3ZlcnNpb24iOiIwIn0="
        }
      ]
    }
  ],
  "check_results": null
}
