{
  "version": 4,
  "terraform_version": "1.5.3",
  "serial": 6,
  "lineage": "57af771d-b501-abbd-5d32-a4a74e983459",
  "outputs": {},
  "resources": [
    {
      "mode": "managed",
      "type": "azurerm_app_service",
      "name": "devopsprojectapp",
      "provider": "provider[\"registry.terraform.io/hashicorp/azurerm\"]",
      "instances": [
        {
          "schema_version": 0,
          "attributes": {
            "app_service_plan_id": "/subscriptions/67692b75-5fbc-4e24-b092-e3e8241fbc34/resourceGroups/devopsprojectb/providers/Microsoft.Web/serverfarms/ASP-devopsprojectb-9277",
            "app_settings": {
              "DOCKER_REGISTRY_SERVER_PASSWORD": "a60L7deektrSmbPwTIDHIBVHVKnYWqcb6gMghPXXUQ+ACRC66OaY",
              "DOCKER_REGISTRY_SERVER_URL": "https://devopsprojectb.azurecr.io",
              "DOCKER_REGISTRY_SERVER_USERNAME": "devopsprojectb",
              "WEBSITES_ENABLE_APP_SERVICE_STORAGE": "false",
              "WEBSITES_PORT": "8080"
            },
            "auth_settings": [
              {
                "active_directory": [],
                "additional_login_params": {},
                "allowed_external_redirect_urls": [],
                "default_provider": "",
                "enabled": false,
                "facebook": [],
                "google": [],
                "issuer": "",
                "microsoft": [],
                "runtime_version": "",
                "token_refresh_extension_hours": 0,
                "token_store_enabled": false,
                "twitter": [],
                "unauthenticated_client_action": ""
              }
            ],
            "backup": [],
            "client_affinity_enabled": false,
            "client_cert_enabled": false,
            "client_cert_mode": "Required",
            "connection_string": [],
            "custom_domain_verification_id": "B3B7FC8A1F73E8F8D6CDB03B02F1C28D3C8599E1075EE4D494AB541D13CFB914",
            "default_site_hostname": "devopsprojectapp.azurewebsites.net",
            "enabled": true,
            "https_only": true,
            "id": "/subscriptions/67692b75-5fbc-4e24-b092-e3e8241fbc34/resourceGroups/devopsprojectb/providers/Microsoft.Web/sites/devopsprojectapp",
            "identity": [],
            "key_vault_reference_identity_id": "SystemAssigned",
            "location": "eastus",
            "logs": [
              {
                "application_logs": [
                  {
                    "azure_blob_storage": [],
                    "file_system_level": "Off"
                  }
                ],
                "detailed_error_messages_enabled": false,
                "failed_request_tracing_enabled": false,
                "http_logs": [
                  {
                    "azure_blob_storage": [],
                    "file_system": []
                  }
                ]
              }
            ],
            "name": "devopsprojectapp",
            "outbound_ip_address_list": [
              "52.170.164.127",
              "52.170.164.144",
              "52.170.165.122",
              "52.170.165.126",
              "52.170.165.238",
              "52.170.166.5",
              "52.188.220.88",
              "52.149.193.11",
              "52.149.236.71",
              "52.142.30.27",
              "52.149.236.77",
              "52.149.236.148",
              "20.119.16.43"
            ],
            "outbound_ip_addresses": "52.170.164.127,52.170.164.144,52.170.165.122,52.170.165.126,52.170.165.238,52.170.166.5,52.188.220.88,52.149.193.11,52.149.236.71,52.142.30.27,52.149.236.77,52.149.236.148,20.119.16.43",
            "possible_outbound_ip_address_list": [
              "52.170.164.127",
              "52.170.164.144",
              "52.170.165.122",
              "52.170.165.126",
              "52.170.165.238",
              "52.170.166.5",
              "52.188.220.88",
              "52.149.193.11",
              "52.149.236.71",
              "52.142.30.27",
              "52.149.236.77",
              "52.149.236.148",
              "52.149.236.218",
              "52.149.236.234",
              "52.149.237.217",
              "52.149.238.134",
              "52.149.238.183",
              "52.149.238.243",
              "52.149.239.152",
              "52.152.190.238",
              "52.152.191.229",
              "52.170.160.64",
              "52.170.160.204",
              "52.170.161.142",
              "52.170.164.127",
              "52.170.164.144",
              "52.170.165.122",
              "52.170.165.126",
              "52.170.165.238",
              "52.170.166.5",
              "52.170.166.32",
              "52.170.166.96",
              "52.170.166.249",
              "52.170.167.19",
              "52.170.167.131",
              "52.186.104.90",
              "20.119.16.43"
            ],
            "possible_outbound_ip_addresses": "52.170.164.127,52.170.164.144,52.170.165.122,52.170.165.126,52.170.165.238,52.170.166.5,52.188.220.88,52.149.193.11,52.149.236.71,52.142.30.27,52.149.236.77,52.149.236.148,52.149.236.218,52.149.236.234,52.149.237.217,52.149.238.134,52.149.238.183,52.149.238.243,52.149.239.152,52.152.190.238,52.152.191.229,52.170.160.64,52.170.160.204,52.170.161.142,52.170.164.127,52.170.164.144,52.170.165.122,52.170.165.126,52.170.165.238,52.170.166.5,52.170.166.32,52.170.166.96,52.170.166.249,52.170.167.19,52.170.167.131,52.186.104.90,20.119.16.43",
            "resource_group_name": "devopsprojectb",
            "site_config": [
              {
                "acr_use_managed_identity_credentials": false,
                "acr_user_managed_identity_client_id": "",
                "always_on": false,
                "app_command_line": "",
                "auto_swap_slot_name": "",
                "cors": [],
                "default_documents": [
                  "Default.htm",
                  "Default.html",
                  "Default.asp",
                  "index.htm",
                  "index.html",
                  "iisstart.htm",
                  "default.aspx",
                  "index.php",
                  "hostingstart.html"
                ],
                "dotnet_framework_version": "v4.0",
                "ftps_state": "FtpsOnly",
                "health_check_path": "",
                "http2_enabled": false,
                "ip_restriction": [],
                "java_container": "",
                "java_container_version": "",
                "java_version": "",
                "linux_fx_version": "DOCKER|devopsprojectb.azurecr.io/devopsprojectb/calculatorapp:f66218b2558a51559729fbcdc3a37be565a97ad9",
                "local_mysql_enabled": false,
                "managed_pipeline_mode": "Integrated",
                "min_tls_version": "1.2",
                "number_of_workers": 1,
                "php_version": "",
                "python_version": "",
                "remote_debugging_enabled": false,
                "remote_debugging_version": "VS2019",
                "scm_ip_restriction": [],
                "scm_type": "GitHubAction",
                "scm_use_main_ip_restriction": false,
                "use_32_bit_worker_process": true,
                "vnet_route_all_enabled": false,
                "websockets_enabled": false,
                "windows_fx_version": ""
              }
            ],
            "site_credential": [
              {
                "password": "rholciEDPsbpjY7PCPZBa45xqPLNlreWdSt7H4CKXPB72kr5YskZwLlHR7xx",
                "username": "$devopsprojectapp"
              }
            ],
            "source_control": [
              {
                "branch": "master",
                "manual_integration": false,
                "repo_url": "https://github.com/ziyanoffl/CalculatorApp",
                "rollback_enabled": false,
                "use_mercurial": false
              }
            ],
            "storage_account": [],
            "tags": {},
            "timeouts": {
              "create": null,
              "delete": null,
              "read": null,
              "update": null
            }
          },
          "sensitive_attributes": [],
          "private": "eyJlMmJmYjczMC1lY2FhLTExZTYtOGY4OC0zNDM2M2JjN2M0YzAiOnsiY3JlYXRlIjoxODAwMDAwMDAwMDAwLCJkZWxldGUiOjE4MDAwMDAwMDAwMDAsInJlYWQiOjMwMDAwMDAwMDAwMCwidXBkYXRlIjoxODAwMDAwMDAwMDAwfSwic2NoZW1hX3ZlcnNpb24iOiIwIn0=",
          "dependencies": [
            "azurerm_app_service_plan.ASP-devopsprojectb-9277",
            "azurerm_container_registry.devopsprojectb",
            "azurerm_resource_group.devopsprojectb"
          ]
        }
      ]
    },
    {
      "mode": "managed",
      "type": "azurerm_app_service_plan",
      "name": "ASP-devopsprojectb-9277",
      "provider": "provider[\"registry.terraform.io/hashicorp/azurerm\"]",
      "instances": [
        {
          "schema_version": 0,
          "attributes": {
            "app_service_environment_id": "",
            "id": "/subscriptions/67692b75-5fbc-4e24-b092-e3e8241fbc34/resourceGroups/devopsprojectb/providers/Microsoft.Web/serverfarms/ASP-devopsprojectb-9277",
            "is_xenon": false,
            "kind": "linux",
            "location": "eastus",
            "maximum_elastic_worker_count": 1,
            "maximum_number_of_workers": 1,
            "name": "ASP-devopsprojectb-9277",
            "per_site_scaling": false,
            "reserved": true,
            "resource_group_name": "devopsprojectb",
            "sku": [
              {
                "capacity": 1,
                "size": "F1",
                "tier": "Free"
              }
            ],
            "tags": {},
            "timeouts": {
              "create": null,
              "delete": null,
              "read": null,
              "update": null
            },
            "zone_redundant": false
          },
          "sensitive_attributes": [],
          "private": "eyJlMmJmYjczMC1lY2FhLTExZTYtOGY4OC0zNDM2M2JjN2M0YzAiOnsiY3JlYXRlIjozNjAwMDAwMDAwMDAwLCJkZWxldGUiOjM2MDAwMDAwMDAwMDAsInJlYWQiOjMwMDAwMDAwMDAwMCwidXBkYXRlIjozNjAwMDAwMDAwMDAwfSwic2NoZW1hX3ZlcnNpb24iOiIwIn0=",
          "dependencies": [
            "azurerm_resource_group.devopsprojectb"
          ]
        }
      ]
    },
    {
      "mode": "managed",
      "type": "azurerm_container_registry",
      "name": "devopsprojectb",
      "provider": "provider[\"registry.terraform.io/hashicorp/azurerm\"]",
      "instances": [
        {
          "schema_version": 2,
          "attributes": {
            "admin_enabled": true,
            "admin_password": "a60L7deektrSmbPwTIDHIBVHVKnYWqcb6gMghPXXUQ+ACRC66OaY",
            "admin_username": "devopsprojectb",
            "anonymous_pull_enabled": false,
            "data_endpoint_enabled": false,
            "encryption": [
              {
                "enabled": false,
                "identity_client_id": "",
                "key_vault_key_id": ""
              }
            ],
            "export_policy_enabled": true,
            "georeplications": [],
            "id": "/subscriptions/67692b75-5fbc-4e24-b092-e3e8241fbc34/resourceGroups/devopsprojectb/providers/Microsoft.ContainerRegistry/registries/devopsprojectb",
            "identity": [],
            "location": "eastus",
            "login_server": "devopsprojectb.azurecr.io",
            "name": "devopsprojectb",
            "network_rule_bypass_option": "AzureServices",
            "network_rule_set": [],
            "public_network_access_enabled": true,
            "quarantine_policy_enabled": false,
            "resource_group_name": "devopsprojectb",
            "retention_policy": [
              {
                "days": 7,
                "enabled": false
              }
            ],
            "sku": "Standard",
            "tags": {},
            "timeouts": {
              "create": null,
              "delete": null,
              "read": null,
              "update": null
            },
            "trust_policy": [
              {
                "enabled": false
              }
            ],
            "zone_redundancy_enabled": false
          },
          "sensitive_attributes": [],
          "private": "eyJlMmJmYjczMC1lY2FhLTExZTYtOGY4OC0zNDM2M2JjN2M0YzAiOnsiY3JlYXRlIjoxODAwMDAwMDAwMDAwLCJkZWxldGUiOjE4MDAwMDAwMDAwMDAsInJlYWQiOjMwMDAwMDAwMDAwMCwidXBkYXRlIjoxODAwMDAwMDAwMDAwfSwic2NoZW1hX3ZlcnNpb24iOiIyIn0=",
          "dependencies": [
            "azurerm_resource_group.devopsprojectb"
          ]
        }
      ]
    },
    {
      "mode": "managed",
      "type": "azurerm_resource_group",
      "name": "devopsprojectb",
      "provider": "provider[\"registry.terraform.io/hashicorp/azurerm\"]",
      "instances": [
        {
          "schema_version": 0,
          "attributes": {
            "id": "/subscriptions/67692b75-5fbc-4e24-b092-e3e8241fbc34/resourceGroups/devopsprojectb",
            "location": "eastus",
            "name": "devopsprojectb",
            "tags": {},
            "timeouts": {
              "create": null,
              "delete": null,
              "read": null,
              "update": null
            }
          },
          "sensitive_attributes": [],
          "private": "eyJlMmJmYjczMC1lY2FhLTExZTYtOGY4OC0zNDM2M2JjN2M0YzAiOnsiY3JlYXRlIjo1NDAwMDAwMDAwMDAwLCJkZWxldGUiOjU0MDAwMDAwMDAwMDAsInJlYWQiOjMwMDAwMDAwMDAwMCwidXBkYXRlIjo1NDAwMDAwMDAwMDAwfSwic2NoZW1hX3ZlcnNpb24iOiIwIn0="
        }
      ]
    }
  ],
  "check_results": null
}
